
Microsoft Visual Studio Solution File, Format Version 12.00
# Visual Studio Version 17
VisualStudioVersion = 17.3.32929.385
MinimumVisualStudioVersion = 10.0.40219.1
Project("{FAE04EC0-301F-11D3-BF4B-00C04F79EFBC}") = "API", "API.csproj", "{AAC389A4-4E02-442B-9CDE-80C432FC9304}"
EndProject
Project("{FAE04EC0-301F-11D3-BF4B-00C04F79EFBC}") = "Common", "..\Common\Common.csproj", "{B9E3CA6D-EBF2-47FA-B567-101752DF0794}"
EndProject
Project("{FAE04EC0-301F-11D3-BF4B-00C04F79EFBC}") = "Application", "..\Application\Application.csproj", "{3F4ED7E9-9949-48C4-8EBE-4538E87DB276}"
EndProject
Project("{FAE04EC0-301F-11D3-BF4B-00C04F79EFBC}") = "DataAcces", "..\DataAcces\DataAcces.csproj", "{CEB462AC-8B9B-47EC-A485-141BC1B7BE7E}"
EndProject
Project("{FAE04EC0-301F-11D3-BF4B-00C04F79EFBC}") = "Domain", "..\Domain\Domain.csproj", "{6EEC9D3B-5704-47DB-8C15-EA9353706364}"
EndProject
Project("{2150E333-8FDC-42A3-9474-1A3956D46DE8}") = "RentCar", "RentCar", "{8F426BF7-129D-4FFA-9E9C-E74EA303DC40}"
EndProject
Project("{FAE04EC0-301F-11D3-BF4B-00C04F79EFBC}") = "Shared", "..\Shared\Shared.csproj", "{4E82FFCC-46D6-47B8-B1CF-4D53CFEC9956}"
EndProject
Global
	GlobalSection(SolutionConfigurationPlatforms) = preSolution
		Debug|Any CPU = Debug|Any CPU
		Release|Any CPU = Release|Any CPU
	EndGlobalSection
	GlobalSection(ProjectConfigurationPlatforms) = postSolution
		{AAC389A4-4E02-442B-9CDE-80C432FC9304}.Debug|Any CPU.ActiveCfg = Debug|Any CPU
		{AAC389A4-4E02-442B-9CDE-80C432FC9304}.Debug|Any CPU.Build.0 = Debug|Any CPU
		{AAC389A4-4E02-442B-9CDE-80C432FC9304}.Release|Any CPU.ActiveCfg = Release|Any CPU
		{AAC389A4-4E02-442B-9CDE-80C432FC9304}.Release|Any CPU.Build.0 = Release|Any CPU
		{B9E3CA6D-EBF2-47FA-B567-101752DF0794}.Debug|Any CPU.ActiveCfg = Debug|Any CPU
		{B9E3CA6D-EBF2-47FA-B567-101752DF0794}.Debug|Any CPU.Build.0 = Debug|Any CPU
		{B9E3CA6D-EBF2-47FA-B567-101752DF0794}.Release|Any CPU.ActiveCfg = Release|Any CPU
		{B9E3CA6D-EBF2-47FA-B567-101752DF0794}.Release|Any CPU.Build.0 = Release|Any CPU
		{3F4ED7E9-9949-48C4-8EBE-4538E87DB276}.Debug|Any CPU.ActiveCfg = Debug|Any CPU
		{3F4ED7E9-9949-48C4-8EBE-4538E87DB276}.Debug|Any CPU.Build.0 = Debug|Any CPU
		{3F4ED7E9-9949-48C4-8EBE-4538E87DB276}.Release|Any CPU.ActiveCfg = Release|Any CPU
		{3F4ED7E9-9949-48C4-8EBE-4538E87DB276}.Release|Any CPU.Build.0 = Release|Any CPU
		{CEB462AC-8B9B-47EC-A485-141BC1B7BE7E}.Debug|Any CPU.ActiveCfg = Debug|Any CPU
		{CEB462AC-8B9B-47EC-A485-141BC1B7BE7E}.Debug|Any CPU.Build.0 = Debug|Any CPU
		{CEB462AC-8B9B-47EC-A485-141BC1B7BE7E}.Release|Any CPU.ActiveCfg = Release|Any CPU
		{CEB462AC-8B9B-47EC-A485-141BC1B7BE7E}.Release|Any CPU.Build.0 = Release|Any CPU
		{6EEC9D3B-5704-47DB-8C15-EA9353706364}.Debug|Any CPU.ActiveCfg = Debug|Any CPU
		{6EEC9D3B-5704-47DB-8C15-EA9353706364}.Debug|Any CPU.Build.0 = Debug|Any CPU
		{6EEC9D3B-5704-47DB-8C15-EA9353706364}.Release|Any CPU.ActiveCfg = Release|Any CPU
		{6EEC9D3B-5704-47DB-8C15-EA9353706364}.Release|Any CPU.Build.0 = Release|Any CPU
		{4E82FFCC-46D6-47B8-B1CF-4D53CFEC9956}.Debug|Any CPU.ActiveCfg = Debug|Any CPU
		{4E82FFCC-46D6-47B8-B1CF-4D53CFEC9956}.Debug|Any CPU.Build.0 = Debug|Any CPU
		{4E82FFCC-46D6-47B8-B1CF-4D53CFEC9956}.Release|Any CPU.ActiveCfg = Release|Any CPU
		{4E82FFCC-46D6-47B8-B1CF-4D53CFEC9956}.Release|Any CPU.Build.0 = Release|Any CPU
	EndGlobalSection
	GlobalSection(SolutionProperties) = preSolution
		HideSolutionNode = FALSE
	EndGlobalSection
	GlobalSection(ExtensibilityGlobals) = postSolution
		SolutionGuid = {B95CBAB4-476A-4612-8AA8-71F0A80FC5AF}
	EndGlobalSection
	GlobalSection(NestedProjects) = preSolution
		{AAC389A4-4E02-442B-9CDE-80C432FC9304} = {8F426BF7-129D-4FFA-9E9C-E74EA303DC40}
		{3F4ED7E9-9949-48C4-8EBE-4538E87DB276} = {8F426BF7-129D-4FFA-9E9C-E74EA303DC40}
		{B9E3CA6D-EBF2-47FA-B567-101752DF0794} = {8F426BF7-129D-4FFA-9E9C-E74EA303DC40}
		{CEB462AC-8B9B-47EC-A485-141BC1B7BE7E} = {8F426BF7-129D-4FFA-9E9C-E74EA303DC40}
		{6EEC9D3B-5704-47DB-8C15-EA9353706364} = {8F426BF7-129D-4FFA-9E9C-E74EA303DC40}
		{4E82FFCC-46D6-47B8-B1CF-4D53CFEC9956} = {8F426BF7-129D-4FFA-9E9C-E74EA303DC40}
	EndGlobalSection
EndGlobal
