
Microsoft Visual Studio Solution File, Format Version 12.00
# Visual Studio Version 17
VisualStudioVersion = 17.3.32929.385
MinimumVisualStudioVersion = 10.0.40219.1
Project("{FAE04EC0-301F-11D3-BF4B-00C04F79EFBC}") = "API", "API.csproj", "{AAC389A4-4E02-442B-9CDE-80C432FC9304}"
EndProject
Project("{FAE04EC0-301F-11D3-BF4B-00C04F79EFBC}") = "Common", "..\Common\Common.csproj", "{B9E3CA6D-EBF2-47FA-B567-101752DF0794}"
EndProject
Project("{FAE04EC0-301F-11D3-BF4B-00C04F79EFBC}") = "Application", "..\Application\Application.csproj", "{3F4ED7E9-9949-48C4-8EBE-4538E87DB276}"
EndProject
Project("{FAE04EC0-301F-11D3-BF4B-00C04F79EFBC}") = "DataAcces", "..\DataAcces\DataAcces.csproj", "{CEB462AC-8B9B-47EC-A485-141BC1B7BE7E}"
EndProject
Project("{FAE04EC0-301F-11D3-BF4B-00C04F79EFBC}") = "Domain", "..\Domain\Domain.csproj", "{6EEC9D3B-5704-47DB-8C15-EA9353706364}"
EndProject
Project("{FAE04EC0-301F-11D3-BF4B-00C04F79EFBC}") = "Infrastructure", "..\Infrastructure\Infrastructure.csproj", "{61137C23-0275-40C3-A4AC-869A5830F5DF}"
EndProject
Global
	GlobalSection(SolutionConfigurationPlatforms) = preSolution
		Debug|Any CPU = Debug|Any CPU
		Release|Any CPU = Release|Any CPU
	EndGlobalSection
	GlobalSection(ProjectConfigurationPlatforms) = postSolution
		{AAC389A4-4E02-442B-9CDE-80C432FC9304}.Debug|Any CPU.ActiveCfg = Debug|Any CPU
		{AAC389A4-4E02-442B-9CDE-80C432FC9304}.Debug|Any CPU.Build.0 = Debug|Any CPU
		{AAC389A4-4E02-442B-9CDE-80C432FC9304}.Release|Any CPU.ActiveCfg = Release|Any CPU
		{AAC389A4-4E02-442B-9CDE-80C432FC9304}.Release|Any CPU.Build.0 = Release|Any CPU
		{B9E3CA6D-EBF2-47FA-B567-101752DF0794}.Debug|Any CPU.ActiveCfg = Debug|Any CPU
		{B9E3CA6D-EBF2-47FA-B567-101752DF0794}.Debug|Any CPU.Build.0 = Debug|Any CPU
		{B9E3CA6D-EBF2-47FA-B567-101752DF0794}.Release|Any CPU.ActiveCfg = Release|Any CPU
		{B9E3CA6D-EBF2-47FA-B567-101752DF0794}.Release|Any CPU.Build.0 = Release|Any CPU
		{3F4ED7E9-9949-48C4-8EBE-4538E87DB276}.Debug|Any CPU.ActiveCfg = Debug|Any CPU
		{3F4ED7E9-9949-48C4-8EBE-4538E87DB276}.Debug|Any CPU.Build.0 = Debug|Any CPU
		{3F4ED7E9-9949-48C4-8EBE-4538E87DB276}.Release|Any CPU.ActiveCfg = Release|Any CPU
		{3F4ED7E9-9949-48C4-8EBE-4538E87DB276}.Release|Any CPU.Build.0 = Release|Any CPU
		{CEB462AC-8B9B-47EC-A485-141BC1B7BE7E}.Debug|Any CPU.ActiveCfg = Debug|Any CPU
		{CEB462AC-8B9B-47EC-A485-141BC1B7BE7E}.Debug|Any CPU.Build.0 = Debug|Any CPU
		{CEB462AC-8B9B-47EC-A485-141BC1B7BE7E}.Release|Any CPU.ActiveCfg = Release|Any CPU
		{CEB462AC-8B9B-47EC-A485-141BC1B7BE7E}.Release|Any CPU.Build.0 = Release|Any CPU
		{6EEC9D3B-5704-47DB-8C15-EA9353706364}.Debug|Any CPU.ActiveCfg = Debug|Any CPU
		{6EEC9D3B-5704-47DB-8C15-EA9353706364}.Debug|Any CPU.Build.0 = Debug|Any CPU
		{6EEC9D3B-5704-47DB-8C15-EA9353706364}.Release|Any CPU.ActiveCfg = Release|Any CPU
		{6EEC9D3B-5704-47DB-8C15-EA9353706364}.Release|Any CPU.Build.0 = Release|Any CPU
		{61137C23-0275-40C3-A4AC-869A5830F5DF}.Debug|Any CPU.ActiveCfg = Debug|Any CPU
		{61137C23-0275-40C3-A4AC-869A5830F5DF}.Debug|Any CPU.Build.0 = Debug|Any CPU
		{61137C23-0275-40C3-A4AC-869A5830F5DF}.Release|Any CPU.ActiveCfg = Release|Any CPU
		{61137C23-0275-40C3-A4AC-869A5830F5DF}.Release|Any CPU.Build.0 = Release|Any CPU
	EndGlobalSection
	GlobalSection(SolutionProperties) = preSolution
		HideSolutionNode = FALSE
	EndGlobalSection
	GlobalSection(ExtensibilityGlobals) = postSolution
		SolutionGuid = {B95CBAB4-476A-4612-8AA8-71F0A80FC5AF}
	EndGlobalSection
EndGlobal
